
Microsoft Visual Studio Solution File, Format Version 12.00
# Visual Studio Version 16
VisualStudioVersion = 16.0.29728.190
MinimumVisualStudioVersion = 10.0.40219.1
Project("{2150E333-8FDC-42A3-9474-1A3956D46DE8}") = "1. Service Sample", "1. Service Sample", "{7A08CA4F-C1FA-448F-8D94-1D224750D8FA}"
EndProject
Project("{2150E333-8FDC-42A3-9474-1A3956D46DE8}") = "1. Host Layer", "1. Host Layer", "{09491FB8-588E-4F69-8F8C-EE6133C4FB82}"
EndProject
Project("{2150E333-8FDC-42A3-9474-1A3956D46DE8}") = "1. Api", "1. Api", "{F18E24B5-4A60-4B5D-9C1B-E30CB0E46D4F}"
EndProject
Project("{9A19103F-16F7-4668-BE54-9A1E7A4F7556}") = "Company.Sample.Host.Api", "Company.Sample.Host.Api\Company.Sample.Host.Api.csproj", "{F76BCD88-57E6-4944-8B09-2B70575C988C}"
EndProject
Project("{2150E333-8FDC-42A3-9474-1A3956D46DE8}") = "2. Application Layer", "2. Application Layer", "{FF1EAAF5-13E3-4106-84E3-39A42818EEFA}"
EndProject
Project("{2150E333-8FDC-42A3-9474-1A3956D46DE8}") = "1. Mappers", "1. Mappers", "{E404496F-1293-42CA-8B6F-ED8F94654712}"
EndProject
Project("{2150E333-8FDC-42A3-9474-1A3956D46DE8}") = "2. Services", "2. Services", "{14CCA69F-9C3C-4112-AC59-9CB3B7D337CF}"
EndProject
Project("{2150E333-8FDC-42A3-9474-1A3956D46DE8}") = "3. Messages", "3. Messages", "{BFA59109-C237-4F68-841F-C79E22226052}"
EndProject
Project("{9A19103F-16F7-4668-BE54-9A1E7A4F7556}") = "Company.Sample.Application.Mapper", "Company.Sample.Application.Mapper\Company.Sample.Application.Mapper.csproj", "{F9543002-D1C8-49CD-AD4E-C838CD27CE1A}"
EndProject
Project("{9A19103F-16F7-4668-BE54-9A1E7A4F7556}") = "Company.Sample.Application.Services.Imp", "Company.Sample.Application.Services.Imp\Company.Sample.Application.Services.Imp.csproj", "{A472F0FE-A804-42A5-ABC1-0C2AD63DA383}"
EndProject
Project("{9A19103F-16F7-4668-BE54-9A1E7A4F7556}") = "Company.Sample.Application.Messages", "Company.Sample.Application.Messages\Company.Sample.Application.Messages.csproj", "{E28F41DD-0A69-4AE9-8229-49839E034A29}"
EndProject
Project("{2150E333-8FDC-42A3-9474-1A3956D46DE8}") = "4. Infrastructure Layer", "4. Infrastructure Layer", "{9A637221-02AF-4944-AC4A-974C15509C30}"
EndProject
Project("{2150E333-8FDC-42A3-9474-1A3956D46DE8}") = "2. Cross Cutting", "2. Cross Cutting", "{D38F221E-4187-42CB-9EA1-D5ACE6988D82}"
EndProject
Project("{9A19103F-16F7-4668-BE54-9A1E7A4F7556}") = "Company.Sample.Infra.CrossCutting.DI", "Company.Sample.Infra.CrossCutting.DI\Company.Sample.Infra.CrossCutting.DI.csproj", "{A7CBB2E4-14B1-48FB-BB09-34917116EE0D}"
EndProject
Project("{2150E333-8FDC-42A3-9474-1A3956D46DE8}") = "3. Service Layer", "3. Service Layer", "{E100C743-2B5C-4B27-8105-7482B78C3EB6}"
EndProject
Project("{2150E333-8FDC-42A3-9474-1A3956D46DE8}") = "1. Services", "1. Services", "{F0B2D354-1A73-4B06-BBDB-BB1985B7F86D}"
EndProject
Project("{2150E333-8FDC-42A3-9474-1A3956D46DE8}") = "2. Models", "2. Models", "{708CEE0F-4A06-4107-8A6B-96863B320589}"
EndProject
Project("{FAE04EC0-301F-11D3-BF4B-00C04F79EFBC}") = "Company.Sample.Services", "Company.Sample.Services\Company.Sample.Services.csproj", "{8CD99B4F-A147-4514-A0BA-19E922F4827A}"
EndProject
Project("{FAE04EC0-301F-11D3-BF4B-00C04F79EFBC}") = "Company.Sample.Services.Imp", "Company.Sample.Services.Imp\Company.Sample.Services.Imp.csproj", "{A58B8179-6568-4663-8A06-2DFA1B8465E8}"
EndProject
Project("{9A19103F-16F7-4668-BE54-9A1E7A4F7556}") = "Company.Sample.Application.Services", "Company.Sample.Application.Services\Company.Sample.Application.Services.csproj", "{C533EEBA-1DE9-40B7-9877-0AB2B0E855E7}"
EndProject
Project("{FAE04EC0-301F-11D3-BF4B-00C04F79EFBC}") = "Company.Sample.Services.Model", "Company.Sample.Services.Model\Company.Sample.Services.Model.csproj", "{14C0E058-6484-4A61-8E2D-04F2D900F376}"
EndProject
Project("{2150E333-8FDC-42A3-9474-1A3956D46DE8}") = "1. Data", "1. Data", "{43277C26-F4EB-43CB-8705-AC7430792B77}"
EndProject
Project("{FAE04EC0-301F-11D3-BF4B-00C04F79EFBC}") = "Company.Sample.Infra.DataAccess", "Company.Sample.Infra.DataAccess\Company.Sample.Infra.DataAccess.csproj", "{73C624CA-C525-4D50-AB37-5D53745FE1BD}"
EndProject
Project("{FAE04EC0-301F-11D3-BF4B-00C04F79EFBC}") = "Company.Sample.Infra.DataAccess.SQL", "Company.Sample.Infra.DataAccess.SQL\Company.Sample.Infra.DataAccess.SQL.csproj", "{C598D8F0-31D5-46C7-95EB-6DF7F429F3A4}"
EndProject
Global
	GlobalSection(SolutionConfigurationPlatforms) = preSolution
		Debug|Any CPU = Debug|Any CPU
		Release|Any CPU = Release|Any CPU
	EndGlobalSection
	GlobalSection(ProjectConfigurationPlatforms) = postSolution
		{F76BCD88-57E6-4944-8B09-2B70575C988C}.Debug|Any CPU.ActiveCfg = Debug|Any CPU
		{F76BCD88-57E6-4944-8B09-2B70575C988C}.Debug|Any CPU.Build.0 = Debug|Any CPU
		{F76BCD88-57E6-4944-8B09-2B70575C988C}.Release|Any CPU.ActiveCfg = Release|Any CPU
		{F76BCD88-57E6-4944-8B09-2B70575C988C}.Release|Any CPU.Build.0 = Release|Any CPU
		{F9543002-D1C8-49CD-AD4E-C838CD27CE1A}.Debug|Any CPU.ActiveCfg = Debug|Any CPU
		{F9543002-D1C8-49CD-AD4E-C838CD27CE1A}.Debug|Any CPU.Build.0 = Debug|Any CPU
		{F9543002-D1C8-49CD-AD4E-C838CD27CE1A}.Release|Any CPU.ActiveCfg = Release|Any CPU
		{F9543002-D1C8-49CD-AD4E-C838CD27CE1A}.Release|Any CPU.Build.0 = Release|Any CPU
		{A472F0FE-A804-42A5-ABC1-0C2AD63DA383}.Debug|Any CPU.ActiveCfg = Debug|Any CPU
		{A472F0FE-A804-42A5-ABC1-0C2AD63DA383}.Debug|Any CPU.Build.0 = Debug|Any CPU
		{A472F0FE-A804-42A5-ABC1-0C2AD63DA383}.Release|Any CPU.ActiveCfg = Release|Any CPU
		{A472F0FE-A804-42A5-ABC1-0C2AD63DA383}.Release|Any CPU.Build.0 = Release|Any CPU
		{E28F41DD-0A69-4AE9-8229-49839E034A29}.Debug|Any CPU.ActiveCfg = Debug|Any CPU
		{E28F41DD-0A69-4AE9-8229-49839E034A29}.Debug|Any CPU.Build.0 = Debug|Any CPU
		{E28F41DD-0A69-4AE9-8229-49839E034A29}.Release|Any CPU.ActiveCfg = Release|Any CPU
		{E28F41DD-0A69-4AE9-8229-49839E034A29}.Release|Any CPU.Build.0 = Release|Any CPU
		{A7CBB2E4-14B1-48FB-BB09-34917116EE0D}.Debug|Any CPU.ActiveCfg = Debug|Any CPU
		{A7CBB2E4-14B1-48FB-BB09-34917116EE0D}.Debug|Any CPU.Build.0 = Debug|Any CPU
		{A7CBB2E4-14B1-48FB-BB09-34917116EE0D}.Release|Any CPU.ActiveCfg = Release|Any CPU
		{A7CBB2E4-14B1-48FB-BB09-34917116EE0D}.Release|Any CPU.Build.0 = Release|Any CPU
		{8CD99B4F-A147-4514-A0BA-19E922F4827A}.Debug|Any CPU.ActiveCfg = Debug|Any CPU
		{8CD99B4F-A147-4514-A0BA-19E922F4827A}.Debug|Any CPU.Build.0 = Debug|Any CPU
		{8CD99B4F-A147-4514-A0BA-19E922F4827A}.Release|Any CPU.ActiveCfg = Release|Any CPU
		{8CD99B4F-A147-4514-A0BA-19E922F4827A}.Release|Any CPU.Build.0 = Release|Any CPU
		{A58B8179-6568-4663-8A06-2DFA1B8465E8}.Debug|Any CPU.ActiveCfg = Debug|Any CPU
		{A58B8179-6568-4663-8A06-2DFA1B8465E8}.Debug|Any CPU.Build.0 = Debug|Any CPU
		{A58B8179-6568-4663-8A06-2DFA1B8465E8}.Release|Any CPU.ActiveCfg = Release|Any CPU
		{A58B8179-6568-4663-8A06-2DFA1B8465E8}.Release|Any CPU.Build.0 = Release|Any CPU
		{C533EEBA-1DE9-40B7-9877-0AB2B0E855E7}.Debug|Any CPU.ActiveCfg = Debug|Any CPU
		{C533EEBA-1DE9-40B7-9877-0AB2B0E855E7}.Debug|Any CPU.Build.0 = Debug|Any CPU
		{C533EEBA-1DE9-40B7-9877-0AB2B0E855E7}.Release|Any CPU.ActiveCfg = Release|Any CPU
		{C533EEBA-1DE9-40B7-9877-0AB2B0E855E7}.Release|Any CPU.Build.0 = Release|Any CPU
		{14C0E058-6484-4A61-8E2D-04F2D900F376}.Debug|Any CPU.ActiveCfg = Debug|Any CPU
		{14C0E058-6484-4A61-8E2D-04F2D900F376}.Debug|Any CPU.Build.0 = Debug|Any CPU
		{14C0E058-6484-4A61-8E2D-04F2D900F376}.Release|Any CPU.ActiveCfg = Release|Any CPU
		{14C0E058-6484-4A61-8E2D-04F2D900F376}.Release|Any CPU.Build.0 = Release|Any CPU
		{73C624CA-C525-4D50-AB37-5D53745FE1BD}.Debug|Any CPU.ActiveCfg = Debug|Any CPU
		{73C624CA-C525-4D50-AB37-5D53745FE1BD}.Debug|Any CPU.Build.0 = Debug|Any CPU
		{73C624CA-C525-4D50-AB37-5D53745FE1BD}.Release|Any CPU.ActiveCfg = Release|Any CPU
		{73C624CA-C525-4D50-AB37-5D53745FE1BD}.Release|Any CPU.Build.0 = Release|Any CPU
		{C598D8F0-31D5-46C7-95EB-6DF7F429F3A4}.Debug|Any CPU.ActiveCfg = Debug|Any CPU
		{C598D8F0-31D5-46C7-95EB-6DF7F429F3A4}.Debug|Any CPU.Build.0 = Debug|Any CPU
		{C598D8F0-31D5-46C7-95EB-6DF7F429F3A4}.Release|Any CPU.ActiveCfg = Release|Any CPU
		{C598D8F0-31D5-46C7-95EB-6DF7F429F3A4}.Release|Any CPU.Build.0 = Release|Any CPU
	EndGlobalSection
	GlobalSection(SolutionProperties) = preSolution
		HideSolutionNode = FALSE
	EndGlobalSection
	GlobalSection(NestedProjects) = preSolution
		{09491FB8-588E-4F69-8F8C-EE6133C4FB82} = {7A08CA4F-C1FA-448F-8D94-1D224750D8FA}
		{F18E24B5-4A60-4B5D-9C1B-E30CB0E46D4F} = {09491FB8-588E-4F69-8F8C-EE6133C4FB82}
		{F76BCD88-57E6-4944-8B09-2B70575C988C} = {F18E24B5-4A60-4B5D-9C1B-E30CB0E46D4F}
		{FF1EAAF5-13E3-4106-84E3-39A42818EEFA} = {7A08CA4F-C1FA-448F-8D94-1D224750D8FA}
		{E404496F-1293-42CA-8B6F-ED8F94654712} = {FF1EAAF5-13E3-4106-84E3-39A42818EEFA}
		{14CCA69F-9C3C-4112-AC59-9CB3B7D337CF} = {FF1EAAF5-13E3-4106-84E3-39A42818EEFA}
		{BFA59109-C237-4F68-841F-C79E22226052} = {FF1EAAF5-13E3-4106-84E3-39A42818EEFA}
		{F9543002-D1C8-49CD-AD4E-C838CD27CE1A} = {E404496F-1293-42CA-8B6F-ED8F94654712}
		{A472F0FE-A804-42A5-ABC1-0C2AD63DA383} = {14CCA69F-9C3C-4112-AC59-9CB3B7D337CF}
		{E28F41DD-0A69-4AE9-8229-49839E034A29} = {BFA59109-C237-4F68-841F-C79E22226052}
		{9A637221-02AF-4944-AC4A-974C15509C30} = {7A08CA4F-C1FA-448F-8D94-1D224750D8FA}
		{D38F221E-4187-42CB-9EA1-D5ACE6988D82} = {9A637221-02AF-4944-AC4A-974C15509C30}
		{A7CBB2E4-14B1-48FB-BB09-34917116EE0D} = {D38F221E-4187-42CB-9EA1-D5ACE6988D82}
		{E100C743-2B5C-4B27-8105-7482B78C3EB6} = {7A08CA4F-C1FA-448F-8D94-1D224750D8FA}
		{F0B2D354-1A73-4B06-BBDB-BB1985B7F86D} = {E100C743-2B5C-4B27-8105-7482B78C3EB6}
		{708CEE0F-4A06-4107-8A6B-96863B320589} = {E100C743-2B5C-4B27-8105-7482B78C3EB6}
		{8CD99B4F-A147-4514-A0BA-19E922F4827A} = {F0B2D354-1A73-4B06-BBDB-BB1985B7F86D}
		{A58B8179-6568-4663-8A06-2DFA1B8465E8} = {F0B2D354-1A73-4B06-BBDB-BB1985B7F86D}
		{C533EEBA-1DE9-40B7-9877-0AB2B0E855E7} = {14CCA69F-9C3C-4112-AC59-9CB3B7D337CF}
		{14C0E058-6484-4A61-8E2D-04F2D900F376} = {708CEE0F-4A06-4107-8A6B-96863B320589}
		{43277C26-F4EB-43CB-8705-AC7430792B77} = {9A637221-02AF-4944-AC4A-974C15509C30}
		{73C624CA-C525-4D50-AB37-5D53745FE1BD} = {43277C26-F4EB-43CB-8705-AC7430792B77}
		{C598D8F0-31D5-46C7-95EB-6DF7F429F3A4} = {43277C26-F4EB-43CB-8705-AC7430792B77}
	EndGlobalSection
	GlobalSection(ExtensibilityGlobals) = postSolution
		SolutionGuid = {A9397EBE-41F3-4A89-88E0-8FDDEB3C21F8}
	EndGlobalSection
EndGlobal
